// !$*UTF8*$!
{
	archiveVersion = 1;
	classes = {
	};
	objectVersion = 46;
	objects = {

/* Begin PBXBuildFile section */
		AEDBE4751A9EF2EB00CAE610 /* AppDelegate.swift in Sources */ = {isa = PBXBuildFile; fileRef = AEDBE4741A9EF2EB00CAE610 /* AppDelegate.swift */; };
		AEDBE4771A9EF2EB00CAE610 /* ViewController.swift in Sources */ = {isa = PBXBuildFile; fileRef = AEDBE4761A9EF2EB00CAE610 /* ViewController.swift */; };
		AEDBE47A1A9EF2EB00CAE610 /* Main.storyboard in Resources */ = {isa = PBXBuildFile; fileRef = AEDBE4781A9EF2EB00CAE610 /* Main.storyboard */; };
		AEDBE47C1A9EF2EB00CAE610 /* Images.xcassets in Resources */ = {isa = PBXBuildFile; fileRef = AEDBE47B1A9EF2EB00CAE610 /* Images.xcassets */; };
		AEDBE47F1A9EF2EB00CAE610 /* LaunchScreen.xib in Resources */ = {isa = PBXBuildFile; fileRef = AEDBE47D1A9EF2EB00CAE610 /* LaunchScreen.xib */; };
		AEDBE48B1A9EF2EB00CAE610 /* FirstSwiftProgramTests.swift in Sources */ = {isa = PBXBuildFile; fileRef = AEDBE48A1A9EF2EB00CAE610 /* FirstSwiftProgramTests.swift */; };
/* End PBXBuildFile section */

/* Begin PBXContainerItemProxy section */
		AEDBE4851A9EF2EB00CAE610 /* PBXContainerItemProxy */ = {
			isa = PBXContainerItemProxy;
			containerPortal = AEDBE4671A9EF2EB00CAE610 /* Project object */;
			proxyType = 1;
			remoteGlobalIDString = AEDBE46E1A9EF2EB00CAE610;
			remoteInfo = FirstSwiftProgram;
		};
/* End PBXContainerItemProxy section */

/* Begin PBXFileReference section */
		AEDBE46F1A9EF2EB00CAE610 /* FirstSwiftProgram.app */ = {isa = PBXFileReference; explicitFileType = wrapper.application; includeInIndex = 0; path = FirstSwiftProgram.app; sourceTree = BUILT_PRODUCTS_DIR; };
		AEDBE4731A9EF2EB00CAE610 /* Info.plist */ = {isa = PBXFileReference; lastKnownFileType = text.plist.xml; path = Info.plist; sourceTree = "<group>"; };
		AEDBE4741A9EF2EB00CAE610 /* AppDelegate.swift */ = {isa = PBXFileReference; lastKnownFileType = sourcecode.swift; path = AppDelegate.swift; sourceTree = "<group>"; };
		AEDBE4761A9EF2EB00CAE610 /* ViewController.swift */ = {isa = PBXFileReference; lastKnownFileType = sourcecode.swift; path = ViewController.swift; sourceTree = "<group>"; };
		AEDBE4791A9EF2EB00CAE610 /* Base */ = {isa = PBXFileReference; lastKnownFileType = file.storyboard; name = Base; path = Base.lproj/Main.storyboard; sourceTree = "<group>"; };
		AEDBE47B1A9EF2EB00CAE610 /* Images.xcassets */ = {isa = PBXFileReference; lastKnownFileType = folder.assetcatalog; path = Images.xcassets; sourceTree = "<group>"; };
		AEDBE47E1A9EF2EB00CAE610 /* Base */ = {isa = PBXFileReference; lastKnownFileType = file.xib; name = Base; path = Base.lproj/LaunchScreen.xib; sourceTree = "<group>"; };
		AEDBE4841A9EF2EB00CAE610 /* FirstSwiftProgramTests.xctest */ = {isa = PBXFileReference; explicitFileType = wrapper.cfbundle; includeInIndex = 0; path = FirstSwiftProgramTests.xctest; sourceTree = BUILT_PRODUCTS_DIR; };
		AEDBE4891A9EF2EB00CAE610 /* Info.plist */ = {isa = PBXFileReference; lastKnownFileType = text.plist.xml; path = Info.plist; sourceTree = "<group>"; };
		AEDBE48A1A9EF2EB00CAE610 /* FirstSwiftProgramTests.swift */ = {isa = PBXFileReference; lastKnownFileType = sourcecode.swift; path = FirstSwiftProgramTests.swift; sourceTree = "<group>"; };
/* End PBXFileReference section */

/* Begin PBXFrameworksBuildPhase section */
		AEDBE46C1A9EF2EB00CAE610 /* Frameworks */ = {
			isa = PBXFrameworksBuildPhase;
			buildActionMask = 2147483647;
			files = (
			);
			runOnlyForDeploymentPostprocessing = 0;
		};
		AEDBE4811A9EF2EB00CAE610 /* Frameworks */ = {
			isa = PBXFrameworksBuildPhase;
			buildActionMask = 2147483647;
			files = (
			);
			runOnlyForDeploymentPostprocessing = 0;
		};
/* End PBXFrameworksBuildPhase section */

/* Begin PBXGroup section */
		AEDBE4661A9EF2EB00CAE610 = {
			isa = PBXGroup;
			children = (
				AEDBE4711A9EF2EB00CAE610 /* FirstSwiftProgram */,
				AEDBE4871A9EF2EB00CAE610 /* FirstSwiftProgramTests */,
				AEDBE4701A9EF2EB00CAE610 /* Products */,
			);
			sourceTree = "<group>";
		};
		AEDBE4701A9EF2EB00CAE610 /* Products */ = {
			isa = PBXGroup;
			children = (
				AEDBE46F1A9EF2EB00CAE610 /* FirstSwiftProgram.app */,
				AEDBE4841A9EF2EB00CAE610 /* FirstSwiftProgramTests.xctest */,
			);
			name = Products;
			sourceTree = "<group>";
		};
		AEDBE4711A9EF2EB00CAE610 /* FirstSwiftProgram */ = {
			isa = PBXGroup;
			children = (
				AEDBE4741A9EF2EB00CAE610 /* AppDelegate.swift */,
				AEDBE4761A9EF2EB00CAE610 /* ViewController.swift */,
				AEDBE4781A9EF2EB00CAE610 /* Main.storyboard */,
				AEDBE47B1A9EF2EB00CAE610 /* Images.xcassets */,
				AEDBE47D1A9EF2EB00CAE610 /* LaunchScreen.xib */,
				AEDBE4721A9EF2EB00CAE610 /* Supporting Files */,
			);
			path = FirstSwiftProgram;
			sourceTree = "<group>";
		};
		AEDBE4721A9EF2EB00CAE610 /* Supporting Files */ = {
			isa = PBXGroup;
			children = (
				AEDBE4731A9EF2EB00CAE610 /* Info.plist */,
			);
			name = "Supporting Files";
			sourceTree = "<group>";
		};
		AEDBE4871A9EF2EB00CAE610 /* FirstSwiftProgramTests */ = {
			isa = PBXGroup;
			children = (
				AEDBE48A1A9EF2EB00CAE610 /* FirstSwiftProgramTests.swift */,
				AEDBE4881A9EF2EB00CAE610 /* Supporting Files */,
			);
			path = FirstSwiftProgramTests;
			sourceTree = "<group>";
		};
		AEDBE4881A9EF2EB00CAE610 /* Supporting Files */ = {
			isa = PBXGroup;
			children = (
				AEDBE4891A9EF2EB00CAE610 /* Info.plist */,
			);
			name = "Supporting Files";
			sourceTree = "<group>";
		};
/* End PBXGroup section */

/* Begin PBXNativeTarget section */
		AEDBE46E1A9EF2EB00CAE610 /* FirstSwiftProgram */ = {
			isa = PBXNativeTarget;
			buildConfigurationList = AEDBE48E1A9EF2EB00CAE610 /* Build configuration list for PBXNativeTarget "FirstSwiftProgram" */;
			buildPhases = (
				AEDBE46B1A9EF2EB00CAE610 /* Sources */,
				AEDBE46C1A9EF2EB00CAE610 /* Frameworks */,
				AEDBE46D1A9EF2EB00CAE610 /* Resources */,
			);
			buildRules = (
			);
			dependencies = (
			);
			name = FirstSwiftProgram;
			productName = FirstSwiftProgram;
			productReference = AEDBE46F1A9EF2EB00CAE610 /* FirstSwiftProgram.app */;
			productType = "com.apple.product-type.application";
		};
		AEDBE4831A9EF2EB00CAE610 /* FirstSwiftProgramTests */ = {
			isa = PBXNativeTarget;
			buildConfigurationList = AEDBE4911A9EF2EB00CAE610 /* Build configuration list for PBXNativeTarget "FirstSwiftProgramTests" */;
			buildPhases = (
				AEDBE4801A9EF2EB00CAE610 /* Sources */,
				AEDBE4811A9EF2EB00CAE610 /* Frameworks */,
				AEDBE4821A9EF2EB00CAE610 /* Resources */,
			);
			buildRules = (
			);
			dependencies = (
				AEDBE4861A9EF2EB00CAE610 /* PBXTargetDependency */,
			);
			name = FirstSwiftProgramTests;
			productName = FirstSwiftProgramTests;
			productReference = AEDBE4841A9EF2EB00CAE610 /* FirstSwiftProgramTests.xctest */;
			productType = "com.apple.product-type.bundle.unit-test";
		};
/* End PBXNativeTarget section */

/* Begin PBXProject section */
		AEDBE4671A9EF2EB00CAE610 /* Project object */ = {
			isa = PBXProject;
			attributes = {
				LastUpgradeCheck = 0610;
				ORGANIZATIONNAME = "Pintu Vasani";
				TargetAttributes = {
					AEDBE46E1A9EF2EB00CAE610 = {
						CreatedOnToolsVersion = 6.1;
					};
					AEDBE4831A9EF2EB00CAE610 = {
						CreatedOnToolsVersion = 6.1;
						TestTargetID = AEDBE46E1A9EF2EB00CAE610;
					};
				};
			};
			buildConfigurationList = AEDBE46A1A9EF2EB00CAE610 /* Build configuration list for PBXProject "FirstSwiftProgram" */;
			compatibilityVersion = "Xcode 3.2";
			developmentRegion = English;
			hasScannedForEncodings = 0;
			knownRegions = (
				en,
				Base,
			);
			mainGroup = AEDBE4661A9EF2EB00CAE610;
			productRefGroup = AEDBE4701A9EF2EB00CAE610 /* Products */;
			projectDirPath = "";
			projectRoot = "";
			targets = (
				AEDBE46E1A9EF2EB00CAE610 /* FirstSwiftProgram */,
				AEDBE4831A9EF2EB00CAE610 /* FirstSwiftProgramTests */,
			);
		};
/* End PBXProject section */

/* Begin PBXResourcesBuildPhase section */
		AEDBE46D1A9EF2EB00CAE610 /* Resources */ = {
			isa = PBXResourcesBuildPhase;
			buildActionMask = 2147483647;
			files = (
				AEDBE47A1A9EF2EB00CAE610 /* Main.storyboard in Resources */,
				AEDBE47F1A9EF2EB00CAE610 /* LaunchScreen.xib in Resources */,
				AEDBE47C1A9EF2EB00CAE610 /* Images.xcassets in Resources */,
			);
			runOnlyForDeploymentPostprocessing = 0;
		};
		AEDBE4821A9EF2EB00CAE610 /* Resources */ = {
			isa = PBXResourcesBuildPhase;
			buildActionMask = 2147483647;
			files = (
			);
			runOnlyForDeploymentPostprocessing = 0;
		};
/* End PBXResourcesBuildPhase section */

/* Begin PBXSourcesBuildPhase section */
		AEDBE46B1A9EF2EB00CAE610 /* Sources */ = {
			isa = PBXSourcesBuildPhase;
			buildActionMask = 2147483647;
			files = (
				AEDBE4771A9EF2EB00CAE610 /* ViewController.swift in Sources */,
				AEDBE4751A9EF2EB00CAE610 /* AppDelegate.swift in Sources */,
			);
			runOnlyForDeploymentPostprocessing = 0;
		};
		AEDBE4801A9EF2EB00CAE610 /* Sources */ = {
			isa = PBXSourcesBuildPhase;
			buildActionMask = 2147483647;
			files = (
				AEDBE48B1A9EF2EB00CAE610 /* FirstSwiftProgramTests.swift in Sources */,
			);
			runOnlyForDeploymentPostprocessing = 0;
		};
/* End PBXSourcesBuildPhase section */

/* Begin PBXTargetDependency section */
		AEDBE4861A9EF2EB00CAE610 /* PBXTargetDependency */ = {
			isa = PBXTargetDependency;
			target = AEDBE46E1A9EF2EB00CAE610 /* FirstSwiftProgram */;
			targetProxy = AEDBE4851A9EF2EB00CAE610 /* PBXContainerItemProxy */;
		};
/* End PBXTargetDependency section */

/* Begin PBXVariantGroup section */
		AEDBE4781A9EF2EB00CAE610 /* Main.storyboard */ = {
			isa = PBXVariantGroup;
			children = (
				AEDBE4791A9EF2EB00CAE610 /* Base */,
			);
			name = Main.storyboard;
			sourceTree = "<group>";
		};
		AEDBE47D1A9EF2EB00CAE610 /* LaunchScreen.xib */ = {
			isa = PBXVariantGroup;
			children = (
				AEDBE47E1A9EF2EB00CAE610 /* Base */,
			);
			name = LaunchScreen.xib;
			sourceTree = "<group>";
		};
/* End PBXVariantGroup section */

/* Begin XCBuildConfiguration section */
		AEDBE48C1A9EF2EB00CAE610 /* Debug */ = {
			isa = XCBuildConfiguration;
			buildSettings = {
				ALWAYS_SEARCH_USER_PATHS = NO;
				CLANG_CXX_LANGUAGE_STANDARD = "gnu++0x";
				CLANG_CXX_LIBRARY = "libc++";
				CLANG_ENABLE_MODULES = YES;
				CLANG_ENABLE_OBJC_ARC = YES;
				CLANG_WARN_BOOL_CONVERSION = YES;
				CLANG_WARN_CONSTANT_CONVERSION = YES;
				CLANG_WARN_DIRECT_OBJC_ISA_USAGE = YES_ERROR;
				CLANG_WARN_EMPTY_BODY = YES;
				CLANG_WARN_ENUM_CONVERSION = YES;
				CLANG_WARN_INT_CONVERSION = YES;
				CLANG_WARN_OBJC_ROOT_CLASS = YES_ERROR;
				CLANG_WARN_UNREACHABLE_CODE = YES;
				CLANG_WARN__DUPLICATE_METHOD_MATCH = YES;
				"CODE_SIGN_IDENTITY[sdk=iphoneos*]" = "iPhone Developer";
				COPY_PHASE_STRIP = NO;
				ENABLE_STRICT_OBJC_MSGSEND = YES;
				GCC_C_LANGUAGE_STANDARD = gnu99;
				GCC_DYNAMIC_NO_PIC = NO;
				GCC_OPTIMIZATION_LEVEL = 0;
				GCC_PREPROCESSOR_DEFINITIONS = (
					"DEBUG=1",
					"$(inherited)",
				);
				GCC_SYMBOLS_PRIVATE_EXTERN = NO;
				GCC_WARN_64_TO_32_BIT_CONVERSION = YES;
				GCC_WARN_ABOUT_RETURN_TYPE = YES_ERROR;
				GCC_WARN_UNDECLARED_SELECTOR = YES;
				GCC_WARN_UNINITIALIZED_AUTOS = YES_AGGRESSIVE;
				GCC_WARN_UNUSED_FUNCTION = YES;
				GCC_WARN_UNUSED_VARIABLE = YES;
				IPHONEOS_DEPLOYMENT_TARGET = 8.1;
				MTL_ENABLE_DEBUG_INFO = YES;
				ONLY_ACTIVE_ARCH = YES;
				SDKROOT = iphoneos;
				SWIFT_OPTIMIZATION_LEVEL = "-Onone";
			};
			name = Debug;
		};
		AEDBE48D1A9EF2EB00CAE610 /* Release */ = {
			isa = XCBuildConfiguration;
			buildSettings = {
				ALWAYS_SEARCH_USER_PATHS = NO;
				CLANG_CXX_LANGUAGE_STANDARD = "gnu++0x";
				CLANG_CXX_LIBRARY = "libc++";
				CLANG_ENABLE_MODULES = YES;
				CLANG_ENABLE_OBJC_ARC = YES;
				CLANG_WARN_BOOL_CONVERSION = YES;
				CLANG_WARN_CONSTANT_CONVERSION = YES;
				CLANG_WARN_DIRECT_OBJC_ISA_USAGE = YES_ERROR;
				CLANG_WARN_EMPTY_BODY = YES;
				CLANG_WARN_ENUM_CONVERSION = YES;
				CLANG_WARN_INT_CONVERSION = YES;
				CLANG_WARN_OBJC_ROOT_CLASS = YES_ERROR;
				CLANG_WARN_UNREACHABLE_CODE = YES;
				CLANG_WARN__DUPLICATE_METHOD_MATCH = YES;
				"CODE_SIGN_IDENTITY[sdk=iphoneos*]" = "iPhone Developer";
				COPY_PHASE_STRIP = YES;
				ENABLE_NS_ASSERTIONS = NO;
				ENABLE_STRICT_OBJC_MSGSEND = YES;
				GCC_C_LANGUAGE_STANDARD = gnu99;
				GCC_WARN_64_TO_32_BIT_CONVERSION = YES;
				GCC_WARN_ABOUT_RETURN_TYPE = YES_ERROR;
				GCC_WARN_UNDECLARED_SELECTOR = YES;
				GCC_WARN_UNINITIALIZED_AUTOS = YES_AGGRESSIVE;
				GCC_WARN_UNUSED_FUNCTION = YES;
				GCC_WARN_UNUSED_VARIABLE = YES;
				IPHONEOS_DEPLOYMENT_TARGET = 8.1;
				MTL_ENABLE_DEBUG_INFO = NO;
				SDKROOT = iphoneos;
				VALIDATE_PRODUCT = YES;
			};
			name = Release;
		};
		AEDBE48F1A9EF2EB00CAE610 /* Debug */ = {
			isa = XCBuildConfiguration;
			buildSettings = {
				ASSETCATALOG_COMPILER_APPICON_NAME = AppIcon;
				INFOPLIST_FILE = FirstSwiftProgram/Info.plist;
				LD_RUNPATH_SEARCH_PATHS = "$(inherited) @executable_path/Frameworks";
				PRODUCT_NAME = "$(TARGET_NAME)";
			};
			name = Debug;
		};
		AEDBE4901A9EF2EB00CAE610 /* Release */ = {
			isa = XCBuildConfiguration;
			buildSettings = {
				ASSETCATALOG_COMPILER_APPICON_NAME = AppIcon;
				INFOPLIST_FILE = FirstSwiftProgram/Info.plist;
				LD_RUNPATH_SEARCH_PATHS = "$(inherited) @executable_path/Frameworks";
				PRODUCT_NAME = "$(TARGET_NAME)";
			};
			name = Release;
		};
		AEDBE4921A9EF2EB00CAE610 /* Debug */ = {
			isa = XCBuildConfiguration;
			buildSettings = {
				BUNDLE_LOADER = "$(TEST_HOST)";
				FRAMEWORK_SEARCH_PATHS = (
					"$(SDKROOT)/Developer/Library/Frameworks",
					"$(inherited)",
				);
				GCC_PREPROCESSOR_DEFINITIONS = (
					"DEBUG=1",
					"$(inherited)",
				);
				INFOPLIST_FILE = FirstSwiftProgramTests/Info.plist;
				LD_RUNPATH_SEARCH_PATHS = "$(inherited) @executable_path/Frameworks @loader_path/Frameworks";
				PRODUCT_NAME = "$(TARGET_NAME)";
				TEST_HOST = "$(BUILT_PRODUCTS_DIR)/FirstSwiftProgram.app/FirstSwiftProgram";
			};
			name = Debug;
		};
		AEDBE4931A9EF2EB00CAE610 /* Release */ = {
			isa = XCBuildConfiguration;
			buildSettings = {
				BUNDLE_LOADER = "$(TEST_HOST)";
				FRAMEWORK_SEARCH_PATHS = (
					"$(SDKROOT)/Developer/Library/Frameworks",
					"$(inherited)",
				);
				INFOPLIST_FILE = FirstSwiftProgramTests/Info.plist;
				LD_RUNPATH_SEARCH_PATHS = "$(inherited) @executable_path/Frameworks @loader_path/Frameworks";
				PRODUCT_NAME = "$(TARGET_NAME)";
				TEST_HOST = "$(BUILT_PRODUCTS_DIR)/FirstSwiftProgram.app/FirstSwiftProgram";
			};
			name = Release;
		};
/* End XCBuildConfiguration section */

/* Begin XCConfigurationList section */
		AEDBE46A1A9EF2EB00CAE610 /* Build configuration list for PBXProject "FirstSwiftProgram" */ = {
			isa = XCConfigurationList;
			buildConfigurations = (
				AEDBE48C1A9EF2EB00CAE610 /* Debug */,
				AEDBE48D1A9EF2EB00CAE610 /* Release */,
			);
			defaultConfigurationIsVisible = 0;
			defaultConfigurationName = Release;
		};
		AEDBE48E1A9EF2EB00CAE610 /* Build configuration list for PBXNativeTarget "FirstSwiftProgram" */ = {
			isa = XCConfigurationList;
			buildConfigurations = (
				AEDBE48F1A9EF2EB00CAE610 /* Debug */,
				AEDBE4901A9EF2EB00CAE610 /* Release */,
			);
			defaultConfigurationIsVisible = 0;
		};
		AEDBE4911A9EF2EB00CAE610 /* Build configuration list for PBXNativeTarget "FirstSwiftProgramTests" */ = {
			isa = XCConfigurationList;
			buildConfigurations = (
				AEDBE4921A9EF2EB00CAE610 /* Debug */,
				AEDBE4931A9EF2EB00CAE610 /* Release */,
			);
			defaultConfigurationIsVisible = 0;
		};
/* End XCConfigurationList section */
	};
	rootObject = AEDBE4671A9EF2EB00CAE610 /* Project object */;
}
